
Microsoft Visual Studio Solution File, Format Version 12.00
# Visual Studio Version 17
VisualStudioVersion = 17.8.34004.107
MinimumVisualStudioVersion = 10.0.40219.1
Project("{9A19103F-16F7-4668-BE54-9A1E7A4F7556}") = "zstd-native", "zstd-native.csproj", "{F3059CAD-7BBC-42B8-AE27-C4E28F3DE0D0}"
EndProject
Global
	GlobalSection(SolutionConfigurationPlatforms) = preSolution
		Debug|Any CPU = Debug|Any CPU
		Release|Any CPU = Release|Any CPU
	EndGlobalSection
	GlobalSection(ProjectConfigurationPlatforms) = postSolution
		{F3059CAD-7BBC-42B8-AE27-C4E28F3DE0D0}.Debug|Any CPU.ActiveCfg = Debug|Any CPU
		{F3059CAD-7BBC-42B8-AE27-C4E28F3DE0D0}.Debug|Any CPU.Build.0 = Debug|Any CPU
		{F3059CAD-7BBC-42B8-AE27-C4E28F3DE0D0}.Release|Any CPU.ActiveCfg = Release|Any CPU
		{F3059CAD-7BBC-42B8-AE27-C4E28F3DE0D0}.Release|Any CPU.Build.0 = Release|Any CPU
	EndGlobalSection
	GlobalSection(SolutionProperties) = preSolution
		HideSolutionNode = FALSE
	EndGlobalSection
	GlobalSection(ExtensibilityGlobals) = postSolution
		SolutionGuid = {30BCEE48-5379-4CC3-9749-00A4817208B9}
	EndGlobalSection
EndGlobal
